
Microsoft Visual Studio Solution File, Format Version 12.00
# Visual Studio Version 17
VisualStudioVersion = 17.8.34309.116
MinimumVisualStudioVersion = 10.0.40219.1
Project("{8BC9CEB8-8B4A-11D0-8D11-00A0C91BC942}") = "MultiThread", "MultiThread\MultiThread.vcxproj", "{452F9F23-AE80-43DB-9732-DA319EFD3E0A}"
EndProject
Global
	GlobalSection(SolutionConfigurationPlatforms) = preSolution
		Debug|x64 = Debug|x64
		Debug|x86 = Debug|x86
		Release|x64 = Release|x64
		Release|x86 = Release|x86
	EndGlobalSection
	GlobalSection(ProjectConfigurationPlatforms) = postSolution
		{452F9F23-AE80-43DB-9732-DA319EFD3E0A}.Debug|x64.ActiveCfg = Debug|x64
		{452F9F23-AE80-43DB-9732-DA319EFD3E0A}.Debug|x64.Build.0 = Debug|x64
		{452F9F23-AE80-43DB-9732-DA319EFD3E0A}.Debug|x86.ActiveCfg = Debug|Win32
		{452F9F23-AE80-43DB-9732-DA319EFD3E0A}.Debug|x86.Build.0 = Debug|Win32
		{452F9F23-AE80-43DB-9732-DA319EFD3E0A}.Release|x64.ActiveCfg = Release|x64
		{452F9F23-AE80-43DB-9732-DA319EFD3E0A}.Release|x64.Build.0 = Release|x64
		{452F9F23-AE80-43DB-9732-DA319EFD3E0A}.Release|x86.ActiveCfg = Release|Win32
		{452F9F23-AE80-43DB-9732-DA319EFD3E0A}.Release|x86.Build.0 = Release|Win32
	EndGlobalSection
	GlobalSection(SolutionProperties) = preSolution
		HideSolutionNode = FALSE
	EndGlobalSection
	GlobalSection(ExtensibilityGlobals) = postSolution
		SolutionGuid = {5FA998D4-420A-45B5-BEAC-856B635A963C}
	EndGlobalSection
EndGlobal
